
Microsoft Visual Studio Solution File, Format Version 12.00
# Visual Studio Version 17
VisualStudioVersion = 17.3.32929.385
MinimumVisualStudioVersion = 10.0.40219.1
Project("{FAE04EC0-301F-11D3-BF4B-00C04F79EFBC}") = "GymApp", "GymApp\GymApp.csproj", "{C1EAD848-17D5-4520-9512-AADE8CEB5F11}"
EndProject
Global
	GlobalSection(SolutionConfigurationPlatforms) = preSolution
		Debug|Any CPU = Debug|Any CPU
		Release|Any CPU = Release|Any CPU
	EndGlobalSection
	GlobalSection(ProjectConfigurationPlatforms) = postSolution
		{C1EAD848-17D5-4520-9512-AADE8CEB5F11}.Debug|Any CPU.ActiveCfg = Debug|Any CPU
		{C1EAD848-17D5-4520-9512-AADE8CEB5F11}.Debug|Any CPU.Build.0 = Debug|Any CPU
		{C1EAD848-17D5-4520-9512-AADE8CEB5F11}.Release|Any CPU.ActiveCfg = Release|Any CPU
		{C1EAD848-17D5-4520-9512-AADE8CEB5F11}.Release|Any CPU.Build.0 = Release|Any CPU
	EndGlobalSection
	GlobalSection(SolutionProperties) = preSolution
		HideSolutionNode = FALSE
	EndGlobalSection
	GlobalSection(ExtensibilityGlobals) = postSolution
		SolutionGuid = {CE6C96DE-4CD6-48C6-B152-98A6ACB367F6}
	EndGlobalSection
EndGlobal
