
Microsoft Visual Studio Solution File, Format Version 12.00
# Visual Studio Version 17
VisualStudioVersion = 17.5.33516.290
MinimumVisualStudioVersion = 10.0.40219.1
Project("{FAE04EC0-301F-11D3-BF4B-00C04F79EFBC}") = "GymApp", "GymApp\GymApp.csproj", "{C7294830-EF78-4694-8407-892A36D94E1F}"
EndProject
Project("{E53339B2-1760-4266-BCC7-CA923CBCF16C}") = "docker-compose", "docker-compose.dcproj", "{DA105B14-5365-4FAA-9B49-11CB8E36C060}"
EndProject
Global
	GlobalSection(SolutionConfigurationPlatforms) = preSolution
		Debug|Any CPU = Debug|Any CPU
		Release|Any CPU = Release|Any CPU
	EndGlobalSection
	GlobalSection(ProjectConfigurationPlatforms) = postSolution
		{C7294830-EF78-4694-8407-892A36D94E1F}.Debug|Any CPU.ActiveCfg = Debug|Any CPU
		{C7294830-EF78-4694-8407-892A36D94E1F}.Debug|Any CPU.Build.0 = Debug|Any CPU
		{C7294830-EF78-4694-8407-892A36D94E1F}.Release|Any CPU.ActiveCfg = Release|Any CPU
		{C7294830-EF78-4694-8407-892A36D94E1F}.Release|Any CPU.Build.0 = Release|Any CPU
		{DA105B14-5365-4FAA-9B49-11CB8E36C060}.Debug|Any CPU.ActiveCfg = Debug|Any CPU
		{DA105B14-5365-4FAA-9B49-11CB8E36C060}.Debug|Any CPU.Build.0 = Debug|Any CPU
		{DA105B14-5365-4FAA-9B49-11CB8E36C060}.Release|Any CPU.ActiveCfg = Release|Any CPU
		{DA105B14-5365-4FAA-9B49-11CB8E36C060}.Release|Any CPU.Build.0 = Release|Any CPU
	EndGlobalSection
	GlobalSection(SolutionProperties) = preSolution
		HideSolutionNode = FALSE
	EndGlobalSection
	GlobalSection(ExtensibilityGlobals) = postSolution
		SolutionGuid = {48FDB0FB-17E3-4F48-9F97-90D11FB321F8}
	EndGlobalSection
EndGlobal
